
Microsoft Visual Studio Solution File, Format Version 12.00
# Visual Studio Version 17
VisualStudioVersion = 17.0.31919.166
MinimumVisualStudioVersion = 10.0.40219.1
Project("{8BC9CEB8-8B4A-11D0-8D11-00A0C91BC942}") = "飞机游戏", "飞机游戏.vcxproj", "{595DC863-5E30-47F6-A45E-80FDF10344FE}"
EndProject
Global
	GlobalSection(SolutionConfigurationPlatforms) = preSolution
		Debug|x64 = Debug|x64
		Debug|x86 = Debug|x86
		Release|x64 = Release|x64
		Release|x86 = Release|x86
	EndGlobalSection
	GlobalSection(ProjectConfigurationPlatforms) = postSolution
		{595DC863-5E30-47F6-A45E-80FDF10344FE}.Debug|x64.ActiveCfg = Debug|x64
		{595DC863-5E30-47F6-A45E-80FDF10344FE}.Debug|x64.Build.0 = Debug|x64
		{595DC863-5E30-47F6-A45E-80FDF10344FE}.Debug|x86.ActiveCfg = Debug|Win32
		{595DC863-5E30-47F6-A45E-80FDF10344FE}.Debug|x86.Build.0 = Debug|Win32
		{595DC863-5E30-47F6-A45E-80FDF10344FE}.Release|x64.ActiveCfg = Release|x64
		{595DC863-5E30-47F6-A45E-80FDF10344FE}.Release|x64.Build.0 = Release|x64
		{595DC863-5E30-47F6-A45E-80FDF10344FE}.Release|x86.ActiveCfg = Release|Win32
		{595DC863-5E30-47F6-A45E-80FDF10344FE}.Release|x86.Build.0 = Release|Win32
	EndGlobalSection
	GlobalSection(SolutionProperties) = preSolution
		HideSolutionNode = FALSE
	EndGlobalSection
	GlobalSection(ExtensibilityGlobals) = postSolution
		SolutionGuid = {138C2E89-53AC-41E1-8B50-FF8C91080F82}
	EndGlobalSection
EndGlobal
